
Microsoft Visual Studio Solution File, Format Version 12.00
# Visual Studio Version 17
VisualStudioVersion = 17.4.33403.182
MinimumVisualStudioVersion = 10.0.40219.1
Project("{FAE04EC0-301F-11D3-BF4B-00C04F79EFBC}") = "Boilerplate.Core", "src\Boilerplate.Core\Boilerplate.Core.csproj", "{48A65025-57DA-4A2A-B875-BD5F8749B019}"
EndProject
Project("{2150E333-8FDC-42A3-9474-1A3956D46DE8}") = "src", "src", "{94C97FB6-B0BF-44F0-B1E0-896C29719900}"
EndProject
Project("{FAE04EC0-301F-11D3-BF4B-00C04F79EFBC}") = "Boilerplate.Infrastructure", "src\Boilerplate.Infrastructure\Boilerplate.Infrastructure.csproj", "{8F11D25B-71FA-4D54-8E8D-E83B1BD0AA21}"
EndProject
Project("{FAE04EC0-301F-11D3-BF4B-00C04F79EFBC}") = "Boilerplate.Server", "src\Boilerplate.Server\Boilerplate.Server.csproj", "{3A839C2A-53D5-4BA6-94F8-80D81491F31A}"
EndProject
Global
	GlobalSection(SolutionConfigurationPlatforms) = preSolution
		Debug|Any CPU = Debug|Any CPU
		Release|Any CPU = Release|Any CPU
	EndGlobalSection
	GlobalSection(ProjectConfigurationPlatforms) = postSolution
		{48A65025-57DA-4A2A-B875-BD5F8749B019}.Debug|Any CPU.ActiveCfg = Debug|Any CPU
		{48A65025-57DA-4A2A-B875-BD5F8749B019}.Debug|Any CPU.Build.0 = Debug|Any CPU
		{48A65025-57DA-4A2A-B875-BD5F8749B019}.Release|Any CPU.ActiveCfg = Release|Any CPU
		{48A65025-57DA-4A2A-B875-BD5F8749B019}.Release|Any CPU.Build.0 = Release|Any CPU
		{8F11D25B-71FA-4D54-8E8D-E83B1BD0AA21}.Debug|Any CPU.ActiveCfg = Debug|Any CPU
		{8F11D25B-71FA-4D54-8E8D-E83B1BD0AA21}.Debug|Any CPU.Build.0 = Debug|Any CPU
		{8F11D25B-71FA-4D54-8E8D-E83B1BD0AA21}.Release|Any CPU.ActiveCfg = Release|Any CPU
		{8F11D25B-71FA-4D54-8E8D-E83B1BD0AA21}.Release|Any CPU.Build.0 = Release|Any CPU
		{3A839C2A-53D5-4BA6-94F8-80D81491F31A}.Debug|Any CPU.ActiveCfg = Debug|Any CPU
		{3A839C2A-53D5-4BA6-94F8-80D81491F31A}.Debug|Any CPU.Build.0 = Debug|Any CPU
		{3A839C2A-53D5-4BA6-94F8-80D81491F31A}.Release|Any CPU.ActiveCfg = Release|Any CPU
		{3A839C2A-53D5-4BA6-94F8-80D81491F31A}.Release|Any CPU.Build.0 = Release|Any CPU
	EndGlobalSection
	GlobalSection(SolutionProperties) = preSolution
		HideSolutionNode = FALSE
	EndGlobalSection
	GlobalSection(NestedProjects) = preSolution
		{48A65025-57DA-4A2A-B875-BD5F8749B019} = {94C97FB6-B0BF-44F0-B1E0-896C29719900}
		{8F11D25B-71FA-4D54-8E8D-E83B1BD0AA21} = {94C97FB6-B0BF-44F0-B1E0-896C29719900}
		{3A839C2A-53D5-4BA6-94F8-80D81491F31A} = {94C97FB6-B0BF-44F0-B1E0-896C29719900}
	EndGlobalSection
	GlobalSection(ExtensibilityGlobals) = postSolution
		SolutionGuid = {23C8CDCD-348D-406F-A0F5-02B229797C9F}
	EndGlobalSection
EndGlobal
